
Microsoft Visual Studio Solution File, Format Version 12.00
# Visual Studio 2013
VisualStudioVersion = 12.0.40629.0
MinimumVisualStudioVersion = 10.0.40219.1
Project("{FAE04EC0-301F-11D3-BF4B-00C04F79EFBC}") = "HelloWebApi", "HelloWebApi\HelloWebApi.csproj", "{B54105B2-0885-4EFB-B21C-7ABF6DE69466}"
EndProject
Project("{FAE04EC0-301F-11D3-BF4B-00C04F79EFBC}") = "dbaseApplication", "..\dbaseApplication\dbaseApplication\dbaseApplication.csproj", "{A8A441E0-D327-4256-81F6-5F7A243958DD}"
EndProject
Project("{FAE04EC0-301F-11D3-BF4B-00C04F79EFBC}") = "DBaseModel", "..\dbaseApplication\DBaseModel\DBaseModel.csproj", "{3631828C-721B-4192-BC67-85222A83A75F}"
EndProject
Project("{FAE04EC0-301F-11D3-BF4B-00C04F79EFBC}") = "Model", "..\dbaseApplication\Model\Model.csproj", "{E788200A-B549-4AA7-9848-60104D6862E6}"
EndProject
Project("{FAE04EC0-301F-11D3-BF4B-00C04F79EFBC}") = "UnitTestController", "UnitTestController\UnitTestController.csproj", "{CC4A395D-EA8F-4D35-ADF5-64EC6DD470D5}"
EndProject
Global
	GlobalSection(SolutionConfigurationPlatforms) = preSolution
		Debug|Any CPU = Debug|Any CPU
		Release|Any CPU = Release|Any CPU
	EndGlobalSection
	GlobalSection(ProjectConfigurationPlatforms) = postSolution
		{B54105B2-0885-4EFB-B21C-7ABF6DE69466}.Debug|Any CPU.ActiveCfg = Debug|Any CPU
		{B54105B2-0885-4EFB-B21C-7ABF6DE69466}.Debug|Any CPU.Build.0 = Debug|Any CPU
		{B54105B2-0885-4EFB-B21C-7ABF6DE69466}.Release|Any CPU.ActiveCfg = Release|Any CPU
		{B54105B2-0885-4EFB-B21C-7ABF6DE69466}.Release|Any CPU.Build.0 = Release|Any CPU
		{A8A441E0-D327-4256-81F6-5F7A243958DD}.Debug|Any CPU.ActiveCfg = Debug|Any CPU
		{A8A441E0-D327-4256-81F6-5F7A243958DD}.Debug|Any CPU.Build.0 = Debug|Any CPU
		{A8A441E0-D327-4256-81F6-5F7A243958DD}.Release|Any CPU.ActiveCfg = Release|Any CPU
		{A8A441E0-D327-4256-81F6-5F7A243958DD}.Release|Any CPU.Build.0 = Release|Any CPU
		{3631828C-721B-4192-BC67-85222A83A75F}.Debug|Any CPU.ActiveCfg = Debug|Any CPU
		{3631828C-721B-4192-BC67-85222A83A75F}.Debug|Any CPU.Build.0 = Debug|Any CPU
		{3631828C-721B-4192-BC67-85222A83A75F}.Release|Any CPU.ActiveCfg = Release|Any CPU
		{3631828C-721B-4192-BC67-85222A83A75F}.Release|Any CPU.Build.0 = Release|Any CPU
		{E788200A-B549-4AA7-9848-60104D6862E6}.Debug|Any CPU.ActiveCfg = Debug|Any CPU
		{E788200A-B549-4AA7-9848-60104D6862E6}.Debug|Any CPU.Build.0 = Debug|Any CPU
		{E788200A-B549-4AA7-9848-60104D6862E6}.Release|Any CPU.ActiveCfg = Release|Any CPU
		{E788200A-B549-4AA7-9848-60104D6862E6}.Release|Any CPU.Build.0 = Release|Any CPU
		{CC4A395D-EA8F-4D35-ADF5-64EC6DD470D5}.Debug|Any CPU.ActiveCfg = Debug|Any CPU
		{CC4A395D-EA8F-4D35-ADF5-64EC6DD470D5}.Debug|Any CPU.Build.0 = Debug|Any CPU
		{CC4A395D-EA8F-4D35-ADF5-64EC6DD470D5}.Release|Any CPU.ActiveCfg = Release|Any CPU
		{CC4A395D-EA8F-4D35-ADF5-64EC6DD470D5}.Release|Any CPU.Build.0 = Release|Any CPU
	EndGlobalSection
	GlobalSection(SolutionProperties) = preSolution
		HideSolutionNode = FALSE
	EndGlobalSection
EndGlobal
